
Microsoft Visual Studio Solution File, Format Version 12.00
# Visual Studio Version 16
VisualStudioVersion = 16.0.33214.272
MinimumVisualStudioVersion = 10.0.40219.1
Project("{9A19103F-16F7-4668-BE54-9A1E7A4F7556}") = "NEURONLOGISTIC.EntityLayer", "NEURONLOGISTIC.EntityLayer\NEURONLOGISTIC.EntityLayer.csproj", "{D884EE48-9186-4256-AAB0-3C7E1CE2D8E6}"
EndProject
Project("{9A19103F-16F7-4668-BE54-9A1E7A4F7556}") = "NEURONLOGISTIC.BusinessLayer", "NEURONLOGISTIC.BusinessLayer\NEURONLOGISTIC.BusinessLayer.csproj", "{9DE636C7-300E-43EE-8A1E-993DA290A6CC}"
EndProject
Project("{9A19103F-16F7-4668-BE54-9A1E7A4F7556}") = "NEURONLOGISTIC.API", "NEURONLOGISTIC.API\NEURONLOGISTIC.API.csproj", "{7422972D-6BC7-4A5C-9806-1E1102447E11}"
EndProject
Global
	GlobalSection(SolutionConfigurationPlatforms) = preSolution
		Debug|Any CPU = Debug|Any CPU
		Release|Any CPU = Release|Any CPU
	EndGlobalSection
	GlobalSection(ProjectConfigurationPlatforms) = postSolution
		{D884EE48-9186-4256-AAB0-3C7E1CE2D8E6}.Debug|Any CPU.ActiveCfg = Debug|Any CPU
		{D884EE48-9186-4256-AAB0-3C7E1CE2D8E6}.Debug|Any CPU.Build.0 = Debug|Any CPU
		{D884EE48-9186-4256-AAB0-3C7E1CE2D8E6}.Release|Any CPU.ActiveCfg = Release|Any CPU
		{D884EE48-9186-4256-AAB0-3C7E1CE2D8E6}.Release|Any CPU.Build.0 = Release|Any CPU
		{9DE636C7-300E-43EE-8A1E-993DA290A6CC}.Debug|Any CPU.ActiveCfg = Debug|Any CPU
		{9DE636C7-300E-43EE-8A1E-993DA290A6CC}.Debug|Any CPU.Build.0 = Debug|Any CPU
		{9DE636C7-300E-43EE-8A1E-993DA290A6CC}.Release|Any CPU.ActiveCfg = Release|Any CPU
		{9DE636C7-300E-43EE-8A1E-993DA290A6CC}.Release|Any CPU.Build.0 = Release|Any CPU
		{7422972D-6BC7-4A5C-9806-1E1102447E11}.Debug|Any CPU.ActiveCfg = Debug|Any CPU
		{7422972D-6BC7-4A5C-9806-1E1102447E11}.Debug|Any CPU.Build.0 = Debug|Any CPU
		{7422972D-6BC7-4A5C-9806-1E1102447E11}.Release|Any CPU.ActiveCfg = Release|Any CPU
		{7422972D-6BC7-4A5C-9806-1E1102447E11}.Release|Any CPU.Build.0 = Release|Any CPU
	EndGlobalSection
	GlobalSection(SolutionProperties) = preSolution
		HideSolutionNode = FALSE
	EndGlobalSection
	GlobalSection(ExtensibilityGlobals) = postSolution
		SolutionGuid = {7F1674F0-4FFE-4748-BECE-AEED7F5DAB34}
	EndGlobalSection
EndGlobal
